// !$*UTF8*$!
{
	archiveVersion = 1;
	classes = {
	};
	objectVersion = 55;
	objects = {

/* Begin PBXBuildFile section */
		EA0803E6290EDAD8004C5692 /* View+.swift in Sources */ = {isa = PBXBuildFile; fileRef = EA0803E5290EDAD8004C5692 /* View+.swift */; };
		EA0803E9290EDB06004C5692 /* Line.swift in Sources */ = {isa = PBXBuildFile; fileRef = EA0803E8290EDB06004C5692 /* Line.swift */; };
		EA4E65C5290DA24E00C5015D /* Launch Screen.storyboard in Resources */ = {isa = PBXBuildFile; fileRef = EA4E65C4290DA24E00C5015D /* Launch Screen.storyboard */; };
		EA4E65C7290DA39D00C5015D /* CapsuleSliderView.swift in Sources */ = {isa = PBXBuildFile; fileRef = EA4E65C6290DA39D00C5015D /* CapsuleSliderView.swift */; };
		EA4E65C9290DA3FF00C5015D /* ImagePickView.swift in Sources */ = {isa = PBXBuildFile; fileRef = EA4E65C8290DA3FF00C5015D /* ImagePickView.swift */; };
		EA6FA296290C845C00632947 /* TelegramDrawingApp.swift in Sources */ = {isa = PBXBuildFile; fileRef = EA6FA295290C845C00632947 /* TelegramDrawingApp.swift */; };
		EA6FA298290C845C00632947 /* MainScreen.swift in Sources */ = {isa = PBXBuildFile; fileRef = EA6FA297290C845C00632947 /* MainScreen.swift */; };
		EA6FA29A290C845F00632947 /* Assets.xcassets in Resources */ = {isa = PBXBuildFile; fileRef = EA6FA299290C845F00632947 /* Assets.xcassets */; };
		EA6FA29D290C845F00632947 /* Preview Assets.xcassets in Resources */ = {isa = PBXBuildFile; fileRef = EA6FA29C290C845F00632947 /* Preview Assets.xcassets */; };
		EA6FA2A4290C849100632947 /* BrushView.swift in Sources */ = {isa = PBXBuildFile; fileRef = EA6FA2A3290C849100632947 /* BrushView.swift */; };
/* End PBXBuildFile section */

/* Begin PBXFileReference section */
		EA0803E5290EDAD8004C5692 /* View+.swift */ = {isa = PBXFileReference; lastKnownFileType = sourcecode.swift; path = "View+.swift"; sourceTree = "<group>"; };
		EA0803E8290EDB06004C5692 /* Line.swift */ = {isa = PBXFileReference; lastKnownFileType = sourcecode.swift; path = Line.swift; sourceTree = "<group>"; };
		EA4E65C4290DA24E00C5015D /* Launch Screen.storyboard */ = {isa = PBXFileReference; lastKnownFileType = file.storyboard; path = "Launch Screen.storyboard"; sourceTree = "<group>"; };
		EA4E65C6290DA39D00C5015D /* CapsuleSliderView.swift */ = {isa = PBXFileReference; lastKnownFileType = sourcecode.swift; path = CapsuleSliderView.swift; sourceTree = "<group>"; };
		EA4E65C8290DA3FF00C5015D /* ImagePickView.swift */ = {isa = PBXFileReference; lastKnownFileType = sourcecode.swift; path = ImagePickView.swift; sourceTree = "<group>"; };
		EA6FA292290C845C00632947 /* TelegramDrawing.app */ = {isa = PBXFileReference; explicitFileType = wrapper.application; includeInIndex = 0; path = TelegramDrawing.app; sourceTree = BUILT_PRODUCTS_DIR; };
		EA6FA295290C845C00632947 /* TelegramDrawingApp.swift */ = {isa = PBXFileReference; lastKnownFileType = sourcecode.swift; path = TelegramDrawingApp.swift; sourceTree = "<group>"; };
		EA6FA297290C845C00632947 /* MainScreen.swift */ = {isa = PBXFileReference; lastKnownFileType = sourcecode.swift; path = MainScreen.swift; sourceTree = "<group>"; };
		EA6FA299290C845F00632947 /* Assets.xcassets */ = {isa = PBXFileReference; lastKnownFileType = folder.assetcatalog; path = Assets.xcassets; sourceTree = "<group>"; };
		EA6FA29C290C845F00632947 /* Preview Assets.xcassets */ = {isa = PBXFileReference; lastKnownFileType = folder.assetcatalog; path = "Preview Assets.xcassets"; sourceTree = "<group>"; };
		EA6FA2A3290C849100632947 /* BrushView.swift */ = {isa = PBXFileReference; lastKnownFileType = sourcecode.swift; path = BrushView.swift; sourceTree = "<group>"; };
/* End PBXFileReference section */

/* Begin PBXFrameworksBuildPhase section */
		EA6FA28F290C845C00632947 /* Frameworks */ = {
			isa = PBXFrameworksBuildPhase;
			buildActionMask = 2147483647;
			files = (
			);
			runOnlyForDeploymentPostprocessing = 0;
		};
/* End PBXFrameworksBuildPhase section */

/* Begin PBXGroup section */
		EA0803E7290EDAEE004C5692 /* Extensions */ = {
			isa = PBXGroup;
			children = (
				EA0803E5290EDAD8004C5692 /* View+.swift */,
			);
			path = Extensions;
			sourceTree = "<group>";
		};
		EA0803EA290EDB17004C5692 /* Models */ = {
			isa = PBXGroup;
			children = (
				EA0803E8290EDB06004C5692 /* Line.swift */,
			);
			path = Models;
			sourceTree = "<group>";
		};
		EA4E65CA290DA46700C5015D /* Resources */ = {
			isa = PBXGroup;
			children = (
				EA6FA299290C845F00632947 /* Assets.xcassets */,
				EA4E65C4290DA24E00C5015D /* Launch Screen.storyboard */,
			);
			path = Resources;
			sourceTree = "<group>";
		};
		EA4E65CB290DA47A00C5015D /* App */ = {
			isa = PBXGroup;
			children = (
				EA6FA295290C845C00632947 /* TelegramDrawingApp.swift */,
			);
			path = App;
			sourceTree = "<group>";
		};
		EA4E65CC290DA4B800C5015D /* Screens */ = {
			isa = PBXGroup;
			children = (
				EA6FA297290C845C00632947 /* MainScreen.swift */,
			);
			path = Screens;
			sourceTree = "<group>";
		};
		EA4E65CD290DA4C200C5015D /* Views */ = {
			isa = PBXGroup;
			children = (
				EA6FA2A3290C849100632947 /* BrushView.swift */,
				EA4E65C8290DA3FF00C5015D /* ImagePickView.swift */,
				EA4E65C6290DA39D00C5015D /* CapsuleSliderView.swift */,
			);
			path = Views;
			sourceTree = "<group>";
		};
		EA6FA289290C845C00632947 = {
			isa = PBXGroup;
			children = (
				EA6FA294290C845C00632947 /* TelegramDrawing */,
				EA6FA293290C845C00632947 /* Products */,
			);
			sourceTree = "<group>";
		};
		EA6FA293290C845C00632947 /* Products */ = {
			isa = PBXGroup;
			children = (
				EA6FA292290C845C00632947 /* TelegramDrawing.app */,
			);
			name = Products;
			sourceTree = "<group>";
		};
		EA6FA294290C845C00632947 /* TelegramDrawing */ = {
			isa = PBXGroup;
			children = (
				EA4E65CB290DA47A00C5015D /* App */,
				EA4E65CC290DA4B800C5015D /* Screens */,
				EA4E65CD290DA4C200C5015D /* Views */,
				EA0803EA290EDB17004C5692 /* Models */,
				EA0803E7290EDAEE004C5692 /* Extensions */,
				EA4E65CA290DA46700C5015D /* Resources */,
				EA6FA29B290C845F00632947 /* Preview Content */,
			);
			path = TelegramDrawing;
			sourceTree = "<group>";
		};
		EA6FA29B290C845F00632947 /* Preview Content */ = {
			isa = PBXGroup;
			children = (
				EA6FA29C290C845F00632947 /* Preview Assets.xcassets */,
			);
			path = "Preview Content";
			sourceTree = "<group>";
		};
/* End PBXGroup section */

/* Begin PBXNativeTarget section */
		EA6FA291290C845C00632947 /* TelegramDrawing */ = {
			isa = PBXNativeTarget;
			buildConfigurationList = EA6FA2A0290C845F00632947 /* Build configuration list for PBXNativeTarget "TelegramDrawing" */;
			buildPhases = (
				EA6FA28E290C845C00632947 /* Sources */,
				EA6FA28F290C845C00632947 /* Frameworks */,
				EA6FA290290C845C00632947 /* Resources */,
			);
			buildRules = (
			);
			dependencies = (
			);
			name = TelegramDrawing;
			productName = TelegramDrawing;
			productReference = EA6FA292290C845C00632947 /* TelegramDrawing.app */;
			productType = "com.apple.product-type.application";
		};
/* End PBXNativeTarget section */

/* Begin PBXProject section */
		EA6FA28A290C845C00632947 /* Project object */ = {
			isa = PBXProject;
			attributes = {
				BuildIndependentTargetsInParallel = 1;
				LastSwiftUpdateCheck = 1340;
				LastUpgradeCheck = 1340;
				TargetAttributes = {
					EA6FA291290C845C00632947 = {
						CreatedOnToolsVersion = 13.4.1;
					};
				};
			};
			buildConfigurationList = EA6FA28D290C845C00632947 /* Build configuration list for PBXProject "TelegramDrawing" */;
			compatibilityVersion = "Xcode 13.0";
			developmentRegion = en;
			hasScannedForEncodings = 0;
			knownRegions = (
				en,
				Base,
			);
			mainGroup = EA6FA289290C845C00632947;
			productRefGroup = EA6FA293290C845C00632947 /* Products */;
			projectDirPath = "";
			projectRoot = "";
			targets = (
				EA6FA291290C845C00632947 /* TelegramDrawing */,
			);
		};
/* End PBXProject section */

/* Begin PBXResourcesBuildPhase section */
		EA6FA290290C845C00632947 /* Resources */ = {
			isa = PBXResourcesBuildPhase;
			buildActionMask = 2147483647;
			files = (
				EA4E65C5290DA24E00C5015D /* Launch Screen.storyboard in Resources */,
				EA6FA29D290C845F00632947 /* Preview Assets.xcassets in Resources */,
				EA6FA29A290C845F00632947 /* Assets.xcassets in Resources */,
			);
			runOnlyForDeploymentPostprocessing = 0;
		};
/* End PBXResourcesBuildPhase section */

/* Begin PBXSourcesBuildPhase section */
		EA6FA28E290C845C00632947 /* Sources */ = {
			isa = PBXSourcesBuildPhase;
			buildActionMask = 2147483647;
			files = (
				EA6FA298290C845C00632947 /* MainScreen.swift in Sources */,
				EA4E65C7290DA39D00C5015D /* CapsuleSliderView.swift in Sources */,
				EA6FA296290C845C00632947 /* TelegramDrawingApp.swift in Sources */,
				EA6FA2A4290C849100632947 /* BrushView.swift in Sources */,
				EA0803E6290EDAD8004C5692 /* View+.swift in Sources */,
				EA0803E9290EDB06004C5692 /* Line.swift in Sources */,
				EA4E65C9290DA3FF00C5015D /* ImagePickView.swift in Sources */,
			);
			runOnlyForDeploymentPostprocessing = 0;
		};
/* End PBXSourcesBuildPhase section */

/* Begin XCBuildConfiguration section */
		EA6FA29E290C845F00632947 /* Debug */ = {
			isa = XCBuildConfiguration;
			buildSettings = {
				ALWAYS_SEARCH_USER_PATHS = NO;
				CLANG_ANALYZER_NONNULL = YES;
				CLANG_ANALYZER_NUMBER_OBJECT_CONVERSION = YES_AGGRESSIVE;
				CLANG_CXX_LANGUAGE_STANDARD = "gnu++17";
				CLANG_ENABLE_MODULES = YES;
				CLANG_ENABLE_OBJC_ARC = YES;
				CLANG_ENABLE_OBJC_WEAK = YES;
				CLANG_WARN_BLOCK_CAPTURE_AUTORELEASING = YES;
				CLANG_WARN_BOOL_CONVERSION = YES;
				CLANG_WARN_COMMA = YES;
				CLANG_WARN_CONSTANT_CONVERSION = YES;
				CLANG_WARN_DEPRECATED_OBJC_IMPLEMENTATIONS = YES;
				CLANG_WARN_DIRECT_OBJC_ISA_USAGE = YES_ERROR;
				CLANG_WARN_DOCUMENTATION_COMMENTS = YES;
				CLANG_WARN_EMPTY_BODY = YES;
				CLANG_WARN_ENUM_CONVERSION = YES;
				CLANG_WARN_INFINITE_RECURSION = YES;
				CLANG_WARN_INT_CONVERSION = YES;
				CLANG_WARN_NON_LITERAL_NULL_CONVERSION = YES;
				CLANG_WARN_OBJC_IMPLICIT_RETAIN_SELF = YES;
				CLANG_WARN_OBJC_LITERAL_CONVERSION = YES;
				CLANG_WARN_OBJC_ROOT_CLASS = YES_ERROR;
				CLANG_WARN_QUOTED_INCLUDE_IN_FRAMEWORK_HEADER = YES;
				CLANG_WARN_RANGE_LOOP_ANALYSIS = YES;
				CLANG_WARN_STRICT_PROTOTYPES = YES;
				CLANG_WARN_SUSPICIOUS_MOVE = YES;
				CLANG_WARN_UNGUARDED_AVAILABILITY = YES_AGGRESSIVE;
				CLANG_WARN_UNREACHABLE_CODE = YES;
				CLANG_WARN__DUPLICATE_METHOD_MATCH = YES;
				COPY_PHASE_STRIP = NO;
				DEBUG_INFORMATION_FORMAT = dwarf;
				ENABLE_STRICT_OBJC_MSGSEND = YES;
				ENABLE_TESTABILITY = YES;
				GCC_C_LANGUAGE_STANDARD = gnu11;
				GCC_DYNAMIC_NO_PIC = NO;
				GCC_NO_COMMON_BLOCKS = YES;
				GCC_OPTIMIZATION_LEVEL = 0;
				GCC_PREPROCESSOR_DEFINITIONS = (
					"DEBUG=1",
					"$(inherited)",
				);
				GCC_WARN_64_TO_32_BIT_CONVERSION = YES;
				GCC_WARN_ABOUT_RETURN_TYPE = YES_ERROR;
				GCC_WARN_UNDECLARED_SELECTOR = YES;
				GCC_WARN_UNINITIALIZED_AUTOS = YES_AGGRESSIVE;
				GCC_WARN_UNUSED_FUNCTION = YES;
				GCC_WARN_UNUSED_VARIABLE = YES;
				IPHONEOS_DEPLOYMENT_TARGET = 16.0;
				MTL_ENABLE_DEBUG_INFO = INCLUDE_SOURCE;
				MTL_FAST_MATH = YES;
				ONLY_ACTIVE_ARCH = YES;
				SDKROOT = iphoneos;
				SWIFT_ACTIVE_COMPILATION_CONDITIONS = DEBUG;
				SWIFT_OPTIMIZATION_LEVEL = "-Onone";
			};
			name = Debug;
		};
		EA6FA29F290C845F00632947 /* Release */ = {
			isa = XCBuildConfiguration;
			buildSettings = {
				ALWAYS_SEARCH_USER_PATHS = NO;
				CLANG_ANALYZER_NONNULL = YES;
				CLANG_ANALYZER_NUMBER_OBJECT_CONVERSION = YES_AGGRESSIVE;
				CLANG_CXX_LANGUAGE_STANDARD = "gnu++17";
				CLANG_ENABLE_MODULES = YES;
				CLANG_ENABLE_OBJC_ARC = YES;
				CLANG_ENABLE_OBJC_WEAK = YES;
				CLANG_WARN_BLOCK_CAPTURE_AUTORELEASING = YES;
				CLANG_WARN_BOOL_CONVERSION = YES;
				CLANG_WARN_COMMA = YES;
				CLANG_WARN_CONSTANT_CONVERSION = YES;
				CLANG_WARN_DEPRECATED_OBJC_IMPLEMENTATIONS = YES;
				CLANG_WARN_DIRECT_OBJC_ISA_USAGE = YES_ERROR;
				CLANG_WARN_DOCUMENTATION_COMMENTS = YES;
				CLANG_WARN_EMPTY_BODY = YES;
				CLANG_WARN_ENUM_CONVERSION = YES;
				CLANG_WARN_INFINITE_RECURSION = YES;
				CLANG_WARN_INT_CONVERSION = YES;
				CLANG_WARN_NON_LITERAL_NULL_CONVERSION = YES;
				CLANG_WARN_OBJC_IMPLICIT_RETAIN_SELF = YES;
				CLANG_WARN_OBJC_LITERAL_CONVERSION = YES;
				CLANG_WARN_OBJC_ROOT_CLASS = YES_ERROR;
				CLANG_WARN_QUOTED_INCLUDE_IN_FRAMEWORK_HEADER = YES;
				CLANG_WARN_RANGE_LOOP_ANALYSIS = YES;
				CLANG_WARN_STRICT_PROTOTYPES = YES;
				CLANG_WARN_SUSPICIOUS_MOVE = YES;
				CLANG_WARN_UNGUARDED_AVAILABILITY = YES_AGGRESSIVE;
				CLANG_WARN_UNREACHABLE_CODE = YES;
				CLANG_WARN__DUPLICATE_METHOD_MATCH = YES;
				COPY_PHASE_STRIP = NO;
				DEBUG_INFORMATION_FORMAT = "dwarf-with-dsym";
				ENABLE_NS_ASSERTIONS = NO;
				ENABLE_STRICT_OBJC_MSGSEND = YES;
				GCC_C_LANGUAGE_STANDARD = gnu11;
				GCC_NO_COMMON_BLOCKS = YES;
				GCC_WARN_64_TO_32_BIT_CONVERSION = YES;
				GCC_WARN_ABOUT_RETURN_TYPE = YES_ERROR;
				GCC_WARN_UNDECLARED_SELECTOR = YES;
				GCC_WARN_UNINITIALIZED_AUTOS = YES_AGGRESSIVE;
				GCC_WARN_UNUSED_FUNCTION = YES;
				GCC_WARN_UNUSED_VARIABLE = YES;
				IPHONEOS_DEPLOYMENT_TARGET = 16.0;
				MTL_ENABLE_DEBUG_INFO = NO;
				MTL_FAST_MATH = YES;
				SDKROOT = iphoneos;
				SWIFT_COMPILATION_MODE = wholemodule;
				SWIFT_OPTIMIZATION_LEVEL = "-O";
				VALIDATE_PRODUCT = YES;
			};
			name = Release;
		};
		EA6FA2A1290C845F00632947 /* Debug */ = {
			isa = XCBuildConfiguration;
			buildSettings = {
				ASSETCATALOG_COMPILER_APPICON_NAME = AppIcon;
				ASSETCATALOG_COMPILER_GLOBAL_ACCENT_COLOR_NAME = AccentColor;
				CODE_SIGN_STYLE = Automatic;
				CURRENT_PROJECT_VERSION = 1;
				DEVELOPMENT_ASSET_PATHS = "\"TelegramDrawing/Preview Content\"";
				DEVELOPMENT_TEAM = UG5F626PKK;
				ENABLE_PREVIEWS = YES;
				GENERATE_INFOPLIST_FILE = YES;
				INFOPLIST_KEY_NSPhotoLibraryUsageDescription = "Need access to add created image";
				INFOPLIST_KEY_UIApplicationSceneManifest_Generation = YES;
				INFOPLIST_KEY_UIApplicationSupportsIndirectInputEvents = YES;
				INFOPLIST_KEY_UILaunchScreen_Generation = YES;
				INFOPLIST_KEY_UILaunchStoryboardName = "Launch Screen.storyboard";
				INFOPLIST_KEY_UISupportedInterfaceOrientations_iPad = "UIInterfaceOrientationPortrait UIInterfaceOrientationPortraitUpsideDown UIInterfaceOrientationLandscapeLeft UIInterfaceOrientationLandscapeRight";
				INFOPLIST_KEY_UISupportedInterfaceOrientations_iPhone = "UIInterfaceOrientationPortrait UIInterfaceOrientationLandscapeLeft UIInterfaceOrientationLandscapeRight";
				LD_RUNPATH_SEARCH_PATHS = (
					"$(inherited)",
					"@executable_path/Frameworks",
				);
				MARKETING_VERSION = 1.0;
				PRODUCT_BUNDLE_IDENTIFIER = alexislog.TelegramDrawing;
				PRODUCT_NAME = "$(TARGET_NAME)";
				SWIFT_EMIT_LOC_STRINGS = YES;
				SWIFT_VERSION = 5.0;
				TARGETED_DEVICE_FAMILY = "1,2";
			};
			name = Debug;
		};
		EA6FA2A2290C845F00632947 /* Release */ = {
			isa = XCBuildConfiguration;
			buildSettings = {
				ASSETCATALOG_COMPILER_APPICON_NAME = AppIcon;
				ASSETCATALOG_COMPILER_GLOBAL_ACCENT_COLOR_NAME = AccentColor;
				CODE_SIGN_STYLE = Automatic;
				CURRENT_PROJECT_VERSION = 1;
				DEVELOPMENT_ASSET_PATHS = "\"TelegramDrawing/Preview Content\"";
				DEVELOPMENT_TEAM = UG5F626PKK;
				ENABLE_PREVIEWS = YES;
				GENERATE_INFOPLIST_FILE = YES;
				INFOPLIST_KEY_NSPhotoLibraryUsageDescription = "Need access to add created image";
				INFOPLIST_KEY_UIApplicationSceneManifest_Generation = YES;
				INFOPLIST_KEY_UIApplicationSupportsIndirectInputEvents = YES;
				INFOPLIST_KEY_UILaunchScreen_Generation = YES;
				INFOPLIST_KEY_UILaunchStoryboardName = "Launch Screen.storyboard";
				INFOPLIST_KEY_UISupportedInterfaceOrientations_iPad = "UIInterfaceOrientationPortrait UIInterfaceOrientationPortraitUpsideDown UIInterfaceOrientationLandscapeLeft UIInterfaceOrientationLandscapeRight";
				INFOPLIST_KEY_UISupportedInterfaceOrientations_iPhone = "UIInterfaceOrientationPortrait UIInterfaceOrientationLandscapeLeft UIInterfaceOrientationLandscapeRight";
				LD_RUNPATH_SEARCH_PATHS = (
					"$(inherited)",
					"@executable_path/Frameworks",
				);
				MARKETING_VERSION = 1.0;
				PRODUCT_BUNDLE_IDENTIFIER = alexislog.TelegramDrawing;
				PRODUCT_NAME = "$(TARGET_NAME)";
				SWIFT_EMIT_LOC_STRINGS = YES;
				SWIFT_VERSION = 5.0;
				TARGETED_DEVICE_FAMILY = "1,2";
			};
			name = Release;
		};
/* End XCBuildConfiguration section */

/* Begin XCConfigurationList section */
		EA6FA28D290C845C00632947 /* Build configuration list for PBXProject "TelegramDrawing" */ = {
			isa = XCConfigurationList;
			buildConfigurations = (
				EA6FA29E290C845F00632947 /* Debug */,
				EA6FA29F290C845F00632947 /* Release */,
			);
			defaultConfigurationIsVisible = 0;
			defaultConfigurationName = Release;
		};
		EA6FA2A0290C845F00632947 /* Build configuration list for PBXNativeTarget "TelegramDrawing" */ = {
			isa = XCConfigurationList;
			buildConfigurations = (
				EA6FA2A1290C845F00632947 /* Debug */,
				EA6FA2A2290C845F00632947 /* Release */,
			);
			defaultConfigurationIsVisible = 0;
			defaultConfigurationName = Release;
		};
/* End XCConfigurationList section */
	};
	rootObject = EA6FA28A290C845C00632947 /* Project object */;
}
